// !$*UTF8*$!
{
archiveVersion = 1;
classes = {};
objectVersion = 46;
objects = {
A10000000000000000000001 = {isa = PBXBuildFile; fileRef = A20000000000000000000001; };
A10000000000000000000002 = {isa = PBXBuildFile; fileRef = A20000000000000000000002; };
A10000000000000000000003 = {isa = PBXBuildFile; fileRef = A20000000000000000000003; };
A10000000000000000000004 = {isa = PBXBuildFile; fileRef = A20000000000000000000004; };
A20000000000000000000001 = {isa = PBXFileReference; lastKnownFileType = sourcecode.swift; path = AppDelegate.swift; sourceTree = "<group>"; };
A20000000000000000000002 = {isa = PBXFileReference; lastKnownFileType = text.html; path = index.html; sourceTree = "<group>"; };
A20000000000000000000003 = {isa = PBXFileReference; lastKnownFileType = image.jpeg; path = "product-sample.jpg"; sourceTree = "<group>"; };
A20000000000000000000004 = {isa = PBXFileReference; lastKnownFileType = image.png; path = "saqr-logo.png"; sourceTree = "<group>"; };
A20000000000000000000005 = {isa = PBXFileReference; explicitFileType = wrapper.application; path = "SaqrMacApp.app"; sourceTree = BUILT_PRODUCTS_DIR; };
A30000000000000000000001 = {isa = PBXGroup; children = (A20000000000000000000001,A30000000000000000000002,A30000000000000000000003,A20000000000000000000004); path = SaqrMacApp; sourceTree = "<group>"; };
A30000000000000000000002 = {isa = PBXGroup; children = (A20000000000000000000005); name = Products; sourceTree = "<group>"; };
A40000000000000000000001 = {isa = PBXNativeTarget; buildConfigurationList = A50000000000000000000001; buildPhases = (A60000000000000000000001,A60000000000000000000002); name = SaqrMacApp; productName = SaqrMacApp; productReference = A20000000000000000000005; productType = "com.apple.product-type.application"; };
A60000000000000000000001 = {isa = PBXSourcesBuildPhase; files = (A10000000000000000000001); };
A60000000000000000000002 = {isa = PBXResourcesBuildPhase; files = (A10000000000000000000002,A10000000000000000000003,A10000000000000000000004); };
A70000000000000000000001 = {isa = PBXProject; buildConfigurationList = A50000000000000000000002; compatibilityVersion = "Xcode 3.2"; developmentRegion = ar; mainGroup = A30000000000000000000001; productRefGroup = A30000000000000000000002; targets = (A40000000000000000000001); };
A80000000000000000000001 = {isa = XCBuildConfiguration; buildSettings = {MACOSX_DEPLOYMENT_TARGET = 10.15; PRODUCT_BUNDLE_IDENTIFIER = com.saqr.advertising.sales; PRODUCT_NAME = "$(TARGET_NAME)"; SDKROOT = macosx; SWIFT_VERSION = 5.0; INFOPLIST_FILE = "SaqrMacApp/Info.plist";}; name = Debug;};
A80000000000000000000002 = {isa = XCBuildConfiguration; buildSettings = {MACOSX_DEPLOYMENT_TARGET = 10.15; PRODUCT_BUNDLE_IDENTIFIER = com.saqr.advertising.sales; PRODUCT_NAME = "$(TARGET_NAME)"; SDKROOT = macosx; SWIFT_VERSION = 5.0; INFOPLIST_FILE = "SaqrMacApp/Info.plist";}; name = Release;};
A50000000000000000000001 = {isa = XCConfigurationList; buildConfigurations = (A80000000000000000000001,A80000000000000000000002); defaultConfigurationIsVisible = 0; defaultConfigurationName = Release;};
A50000000000000000000002 = {isa = XCConfigurationList; buildConfigurations = (A80000000000000000000001,A80000000000000000000002); defaultConfigurationIsVisible = 0; defaultConfigurationName = Release;};
};
rootObject = A70000000000000000000001;
}